// !$*UTF8*$!
{
	archiveVersion = 1;
	classes = {
	};
	objectVersion = 55;
	objects = {

/* Begin PBXBuildFile section */
		B051904B284CDD62009632BE /* CrossfadeSlider.swift in Sources */ = {isa = PBXBuildFile; fileRef = B051904A284CDD62009632BE /* CrossfadeSlider.swift */; };
		B0519050284CDE6E009632BE /* ScaledButton.swift in Sources */ = {isa = PBXBuildFile; fileRef = B051904F284CDE6E009632BE /* ScaledButton.swift */; };
		B0519052284D351A009632BE /* PlayStopButton.swift in Sources */ = {isa = PBXBuildFile; fileRef = B0519051284D351A009632BE /* PlayStopButton.swift */; };
		B0A82273284A0C7200BB1256 /* DontecoTestApp.swift in Sources */ = {isa = PBXBuildFile; fileRef = B0A82272284A0C7200BB1256 /* DontecoTestApp.swift */; };
		B0A82275284A0C7200BB1256 /* Main.swift in Sources */ = {isa = PBXBuildFile; fileRef = B0A82274284A0C7200BB1256 /* Main.swift */; };
		B0A82277284A0C7500BB1256 /* Assets.xcassets in Resources */ = {isa = PBXBuildFile; fileRef = B0A82276284A0C7500BB1256 /* Assets.xcassets */; };
		B0A8227A284A0C7500BB1256 /* Preview Assets.xcassets in Resources */ = {isa = PBXBuildFile; fileRef = B0A82279284A0C7500BB1256 /* Preview Assets.xcassets */; };
		B0A82285284A37F900BB1256 /* AudioService.swift in Sources */ = {isa = PBXBuildFile; fileRef = B0A82284284A37F900BB1256 /* AudioService.swift */; };
		B0D42B75284BA0B700A5BEDD /* Main-ViewModel.swift in Sources */ = {isa = PBXBuildFile; fileRef = B0D42B74284BA0B700A5BEDD /* Main-ViewModel.swift */; };
		B0D42B77284BE8FA00A5BEDD /* AudioItem.swift in Sources */ = {isa = PBXBuildFile; fileRef = B0D42B76284BE8FA00A5BEDD /* AudioItem.swift */; };
/* End PBXBuildFile section */

/* Begin PBXFileReference section */
		B051904A284CDD62009632BE /* CrossfadeSlider.swift */ = {isa = PBXFileReference; lastKnownFileType = sourcecode.swift; path = CrossfadeSlider.swift; sourceTree = "<group>"; };
		B051904F284CDE6E009632BE /* ScaledButton.swift */ = {isa = PBXFileReference; lastKnownFileType = sourcecode.swift; path = ScaledButton.swift; sourceTree = "<group>"; };
		B0519051284D351A009632BE /* PlayStopButton.swift */ = {isa = PBXFileReference; lastKnownFileType = sourcecode.swift; path = PlayStopButton.swift; sourceTree = "<group>"; };
		B0A8226F284A0C7200BB1256 /* DontecoTest.app */ = {isa = PBXFileReference; explicitFileType = wrapper.application; includeInIndex = 0; path = DontecoTest.app; sourceTree = BUILT_PRODUCTS_DIR; };
		B0A82272284A0C7200BB1256 /* DontecoTestApp.swift */ = {isa = PBXFileReference; lastKnownFileType = sourcecode.swift; path = DontecoTestApp.swift; sourceTree = "<group>"; };
		B0A82274284A0C7200BB1256 /* Main.swift */ = {isa = PBXFileReference; lastKnownFileType = sourcecode.swift; path = Main.swift; sourceTree = "<group>"; };
		B0A82276284A0C7500BB1256 /* Assets.xcassets */ = {isa = PBXFileReference; lastKnownFileType = folder.assetcatalog; path = Assets.xcassets; sourceTree = "<group>"; };
		B0A82279284A0C7500BB1256 /* Preview Assets.xcassets */ = {isa = PBXFileReference; lastKnownFileType = folder.assetcatalog; path = "Preview Assets.xcassets"; sourceTree = "<group>"; };
		B0A82284284A37F900BB1256 /* AudioService.swift */ = {isa = PBXFileReference; lastKnownFileType = sourcecode.swift; path = AudioService.swift; sourceTree = "<group>"; };
		B0D42B74284BA0B700A5BEDD /* Main-ViewModel.swift */ = {isa = PBXFileReference; lastKnownFileType = sourcecode.swift; path = "Main-ViewModel.swift"; sourceTree = "<group>"; };
		B0D42B76284BE8FA00A5BEDD /* AudioItem.swift */ = {isa = PBXFileReference; lastKnownFileType = sourcecode.swift; path = AudioItem.swift; sourceTree = "<group>"; };
/* End PBXFileReference section */

/* Begin PBXFrameworksBuildPhase section */
		B0A8226C284A0C7200BB1256 /* Frameworks */ = {
			isa = PBXFrameworksBuildPhase;
			buildActionMask = 2147483647;
			files = (
			);
			runOnlyForDeploymentPostprocessing = 0;
		};
/* End PBXFrameworksBuildPhase section */

/* Begin PBXGroup section */
		B0519047284CDCAD009632BE /* Views */ = {
			isa = PBXGroup;
			children = (
				B0EFA9F8284DE7F000E78353 /* Main */,
			);
			path = Views;
			sourceTree = "<group>";
		};
		B0519048284CDCBC009632BE /* ViewModels */ = {
			isa = PBXGroup;
			children = (
				B0D42B74284BA0B700A5BEDD /* Main-ViewModel.swift */,
			);
			path = ViewModels;
			sourceTree = "<group>";
		};
		B0519049284CDCC7009632BE /* Services */ = {
			isa = PBXGroup;
			children = (
				B0A82284284A37F900BB1256 /* AudioService.swift */,
			);
			path = Services;
			sourceTree = "<group>";
		};
		B051904E284CDE4F009632BE /* Styles */ = {
			isa = PBXGroup;
			children = (
				B051904F284CDE6E009632BE /* ScaledButton.swift */,
			);
			path = Styles;
			sourceTree = "<group>";
		};
		B0A82266284A0C7200BB1256 = {
			isa = PBXGroup;
			children = (
				B0A82271284A0C7200BB1256 /* DontecoTest */,
				B0A82270284A0C7200BB1256 /* Products */,
			);
			sourceTree = "<group>";
		};
		B0A82270284A0C7200BB1256 /* Products */ = {
			isa = PBXGroup;
			children = (
				B0A8226F284A0C7200BB1256 /* DontecoTest.app */,
			);
			name = Products;
			sourceTree = "<group>";
		};
		B0A82271284A0C7200BB1256 /* DontecoTest */ = {
			isa = PBXGroup;
			children = (
				B0A82272284A0C7200BB1256 /* DontecoTestApp.swift */,
				B0519049284CDCC7009632BE /* Services */,
				B0519047284CDCAD009632BE /* Views */,
				B0519048284CDCBC009632BE /* ViewModels */,
				B051904E284CDE4F009632BE /* Styles */,
				B0A82276284A0C7500BB1256 /* Assets.xcassets */,
				B0A82278284A0C7500BB1256 /* Preview Content */,
			);
			path = DontecoTest;
			sourceTree = "<group>";
		};
		B0A82278284A0C7500BB1256 /* Preview Content */ = {
			isa = PBXGroup;
			children = (
				B0A82279284A0C7500BB1256 /* Preview Assets.xcassets */,
			);
			path = "Preview Content";
			sourceTree = "<group>";
		};
		B0EFA9F8284DE7F000E78353 /* Main */ = {
			isa = PBXGroup;
			children = (
				B0A82274284A0C7200BB1256 /* Main.swift */,
				B0519051284D351A009632BE /* PlayStopButton.swift */,
				B051904A284CDD62009632BE /* CrossfadeSlider.swift */,
				B0D42B76284BE8FA00A5BEDD /* AudioItem.swift */,
			);
			path = Main;
			sourceTree = "<group>";
		};
/* End PBXGroup section */

/* Begin PBXNativeTarget section */
		B0A8226E284A0C7200BB1256 /* DontecoTest */ = {
			isa = PBXNativeTarget;
			buildConfigurationList = B0A8227D284A0C7500BB1256 /* Build configuration list for PBXNativeTarget "DontecoTest" */;
			buildPhases = (
				B0A8226B284A0C7200BB1256 /* Sources */,
				B0A8226C284A0C7200BB1256 /* Frameworks */,
				B0A8226D284A0C7200BB1256 /* Resources */,
			);
			buildRules = (
			);
			dependencies = (
			);
			name = DontecoTest;
			productName = DontecoTest;
			productReference = B0A8226F284A0C7200BB1256 /* DontecoTest.app */;
			productType = "com.apple.product-type.application";
		};
/* End PBXNativeTarget section */

/* Begin PBXProject section */
		B0A82267284A0C7200BB1256 /* Project object */ = {
			isa = PBXProject;
			attributes = {
				BuildIndependentTargetsInParallel = 1;
				LastSwiftUpdateCheck = 1340;
				LastUpgradeCheck = 1340;
				TargetAttributes = {
					B0A8226E284A0C7200BB1256 = {
						CreatedOnToolsVersion = 13.4;
					};
				};
			};
			buildConfigurationList = B0A8226A284A0C7200BB1256 /* Build configuration list for PBXProject "DontecoTest" */;
			compatibilityVersion = "Xcode 13.0";
			developmentRegion = en;
			hasScannedForEncodings = 0;
			knownRegions = (
				en,
				Base,
			);
			mainGroup = B0A82266284A0C7200BB1256;
			productRefGroup = B0A82270284A0C7200BB1256 /* Products */;
			projectDirPath = "";
			projectRoot = "";
			targets = (
				B0A8226E284A0C7200BB1256 /* DontecoTest */,
			);
		};
/* End PBXProject section */

/* Begin PBXResourcesBuildPhase section */
		B0A8226D284A0C7200BB1256 /* Resources */ = {
			isa = PBXResourcesBuildPhase;
			buildActionMask = 2147483647;
			files = (
				B0A8227A284A0C7500BB1256 /* Preview Assets.xcassets in Resources */,
				B0A82277284A0C7500BB1256 /* Assets.xcassets in Resources */,
			);
			runOnlyForDeploymentPostprocessing = 0;
		};
/* End PBXResourcesBuildPhase section */

/* Begin PBXSourcesBuildPhase section */
		B0A8226B284A0C7200BB1256 /* Sources */ = {
			isa = PBXSourcesBuildPhase;
			buildActionMask = 2147483647;
			files = (
				B0A82275284A0C7200BB1256 /* Main.swift in Sources */,
				B0D42B75284BA0B700A5BEDD /* Main-ViewModel.swift in Sources */,
				B0A82273284A0C7200BB1256 /* DontecoTestApp.swift in Sources */,
				B0519050284CDE6E009632BE /* ScaledButton.swift in Sources */,
				B0A82285284A37F900BB1256 /* AudioService.swift in Sources */,
				B0D42B77284BE8FA00A5BEDD /* AudioItem.swift in Sources */,
				B051904B284CDD62009632BE /* CrossfadeSlider.swift in Sources */,
				B0519052284D351A009632BE /* PlayStopButton.swift in Sources */,
			);
			runOnlyForDeploymentPostprocessing = 0;
		};
/* End PBXSourcesBuildPhase section */

/* Begin XCBuildConfiguration section */
		B0A8227B284A0C7500BB1256 /* Debug */ = {
			isa = XCBuildConfiguration;
			buildSettings = {
				ALWAYS_SEARCH_USER_PATHS = NO;
				CLANG_ANALYZER_NONNULL = YES;
				CLANG_ANALYZER_NUMBER_OBJECT_CONVERSION = YES_AGGRESSIVE;
				CLANG_CXX_LANGUAGE_STANDARD = "gnu++17";
				CLANG_ENABLE_MODULES = YES;
				CLANG_ENABLE_OBJC_ARC = YES;
				CLANG_ENABLE_OBJC_WEAK = YES;
				CLANG_WARN_BLOCK_CAPTURE_AUTORELEASING = YES;
				CLANG_WARN_BOOL_CONVERSION = YES;
				CLANG_WARN_COMMA = YES;
				CLANG_WARN_CONSTANT_CONVERSION = YES;
				CLANG_WARN_DEPRECATED_OBJC_IMPLEMENTATIONS = YES;
				CLANG_WARN_DIRECT_OBJC_ISA_USAGE = YES_ERROR;
				CLANG_WARN_DOCUMENTATION_COMMENTS = YES;
				CLANG_WARN_EMPTY_BODY = YES;
				CLANG_WARN_ENUM_CONVERSION = YES;
				CLANG_WARN_INFINITE_RECURSION = YES;
				CLANG_WARN_INT_CONVERSION = YES;
				CLANG_WARN_NON_LITERAL_NULL_CONVERSION = YES;
				CLANG_WARN_OBJC_IMPLICIT_RETAIN_SELF = YES;
				CLANG_WARN_OBJC_LITERAL_CONVERSION = YES;
				CLANG_WARN_OBJC_ROOT_CLASS = YES_ERROR;
				CLANG_WARN_QUOTED_INCLUDE_IN_FRAMEWORK_HEADER = YES;
				CLANG_WARN_RANGE_LOOP_ANALYSIS = YES;
				CLANG_WARN_STRICT_PROTOTYPES = YES;
				CLANG_WARN_SUSPICIOUS_MOVE = YES;
				CLANG_WARN_UNGUARDED_AVAILABILITY = YES_AGGRESSIVE;
				CLANG_WARN_UNREACHABLE_CODE = YES;
				CLANG_WARN__DUPLICATE_METHOD_MATCH = YES;
				COPY_PHASE_STRIP = NO;
				DEBUG_INFORMATION_FORMAT = dwarf;
				ENABLE_STRICT_OBJC_MSGSEND = YES;
				ENABLE_TESTABILITY = YES;
				GCC_C_LANGUAGE_STANDARD = gnu11;
				GCC_DYNAMIC_NO_PIC = NO;
				GCC_NO_COMMON_BLOCKS = YES;
				GCC_OPTIMIZATION_LEVEL = 0;
				GCC_PREPROCESSOR_DEFINITIONS = (
					"DEBUG=1",
					"$(inherited)",
				);
				GCC_WARN_64_TO_32_BIT_CONVERSION = YES;
				GCC_WARN_ABOUT_RETURN_TYPE = YES_ERROR;
				GCC_WARN_UNDECLARED_SELECTOR = YES;
				GCC_WARN_UNINITIALIZED_AUTOS = YES_AGGRESSIVE;
				GCC_WARN_UNUSED_FUNCTION = YES;
				GCC_WARN_UNUSED_VARIABLE = YES;
				IPHONEOS_DEPLOYMENT_TARGET = 15.5;
				MTL_ENABLE_DEBUG_INFO = INCLUDE_SOURCE;
				MTL_FAST_MATH = YES;
				ONLY_ACTIVE_ARCH = YES;
				SDKROOT = iphoneos;
				SWIFT_ACTIVE_COMPILATION_CONDITIONS = DEBUG;
				SWIFT_OPTIMIZATION_LEVEL = "-Onone";
			};
			name = Debug;
		};
		B0A8227C284A0C7500BB1256 /* Release */ = {
			isa = XCBuildConfiguration;
			buildSettings = {
				ALWAYS_SEARCH_USER_PATHS = NO;
				CLANG_ANALYZER_NONNULL = YES;
				CLANG_ANALYZER_NUMBER_OBJECT_CONVERSION = YES_AGGRESSIVE;
				CLANG_CXX_LANGUAGE_STANDARD = "gnu++17";
				CLANG_ENABLE_MODULES = YES;
				CLANG_ENABLE_OBJC_ARC = YES;
				CLANG_ENABLE_OBJC_WEAK = YES;
				CLANG_WARN_BLOCK_CAPTURE_AUTORELEASING = YES;
				CLANG_WARN_BOOL_CONVERSION = YES;
				CLANG_WARN_COMMA = YES;
				CLANG_WARN_CONSTANT_CONVERSION = YES;
				CLANG_WARN_DEPRECATED_OBJC_IMPLEMENTATIONS = YES;
				CLANG_WARN_DIRECT_OBJC_ISA_USAGE = YES_ERROR;
				CLANG_WARN_DOCUMENTATION_COMMENTS = YES;
				CLANG_WARN_EMPTY_BODY = YES;
				CLANG_WARN_ENUM_CONVERSION = YES;
				CLANG_WARN_INFINITE_RECURSION = YES;
				CLANG_WARN_INT_CONVERSION = YES;
				CLANG_WARN_NON_LITERAL_NULL_CONVERSION = YES;
				CLANG_WARN_OBJC_IMPLICIT_RETAIN_SELF = YES;
				CLANG_WARN_OBJC_LITERAL_CONVERSION = YES;
				CLANG_WARN_OBJC_ROOT_CLASS = YES_ERROR;
				CLANG_WARN_QUOTED_INCLUDE_IN_FRAMEWORK_HEADER = YES;
				CLANG_WARN_RANGE_LOOP_ANALYSIS = YES;
				CLANG_WARN_STRICT_PROTOTYPES = YES;
				CLANG_WARN_SUSPICIOUS_MOVE = YES;
				CLANG_WARN_UNGUARDED_AVAILABILITY = YES_AGGRESSIVE;
				CLANG_WARN_UNREACHABLE_CODE = YES;
				CLANG_WARN__DUPLICATE_METHOD_MATCH = YES;
				COPY_PHASE_STRIP = NO;
				DEBUG_INFORMATION_FORMAT = "dwarf-with-dsym";
				ENABLE_NS_ASSERTIONS = NO;
				ENABLE_STRICT_OBJC_MSGSEND = YES;
				GCC_C_LANGUAGE_STANDARD = gnu11;
				GCC_NO_COMMON_BLOCKS = YES;
				GCC_WARN_64_TO_32_BIT_CONVERSION = YES;
				GCC_WARN_ABOUT_RETURN_TYPE = YES_ERROR;
				GCC_WARN_UNDECLARED_SELECTOR = YES;
				GCC_WARN_UNINITIALIZED_AUTOS = YES_AGGRESSIVE;
				GCC_WARN_UNUSED_FUNCTION = YES;
				GCC_WARN_UNUSED_VARIABLE = YES;
				IPHONEOS_DEPLOYMENT_TARGET = 15.5;
				MTL_ENABLE_DEBUG_INFO = NO;
				MTL_FAST_MATH = YES;
				SDKROOT = iphoneos;
				SWIFT_COMPILATION_MODE = wholemodule;
				SWIFT_OPTIMIZATION_LEVEL = "-O";
				VALIDATE_PRODUCT = YES;
			};
			name = Release;
		};
		B0A8227E284A0C7500BB1256 /* Debug */ = {
			isa = XCBuildConfiguration;
			buildSettings = {
				ASSETCATALOG_COMPILER_APPICON_NAME = AppIcon;
				ASSETCATALOG_COMPILER_GLOBAL_ACCENT_COLOR_NAME = AccentColor;
				CODE_SIGN_STYLE = Automatic;
				CURRENT_PROJECT_VERSION = 1;
				DEVELOPMENT_ASSET_PATHS = "\"DontecoTest/Preview Content\"";
				DEVELOPMENT_TEAM = JMZJD938W9;
				ENABLE_PREVIEWS = YES;
				GENERATE_INFOPLIST_FILE = YES;
				INFOPLIST_KEY_UIApplicationSceneManifest_Generation = YES;
				INFOPLIST_KEY_UIApplicationSupportsIndirectInputEvents = YES;
				INFOPLIST_KEY_UILaunchScreen_Generation = YES;
				INFOPLIST_KEY_UISupportedInterfaceOrientations_iPad = "UIInterfaceOrientationPortrait UIInterfaceOrientationPortraitUpsideDown UIInterfaceOrientationLandscapeLeft UIInterfaceOrientationLandscapeRight";
				INFOPLIST_KEY_UISupportedInterfaceOrientations_iPhone = "UIInterfaceOrientationPortrait UIInterfaceOrientationLandscapeLeft UIInterfaceOrientationLandscapeRight";
				IPHONEOS_DEPLOYMENT_TARGET = 14.0;
				LD_RUNPATH_SEARCH_PATHS = (
					"$(inherited)",
					"@executable_path/Frameworks",
				);
				MARKETING_VERSION = 1.0;
				PRODUCT_BUNDLE_IDENTIFIER = me.lastovich.artem.DontecoTest;
				PRODUCT_NAME = "$(TARGET_NAME)";
				SWIFT_EMIT_LOC_STRINGS = YES;
				SWIFT_VERSION = 5.0;
				TARGETED_DEVICE_FAMILY = "1,2";
			};
			name = Debug;
		};
		B0A8227F284A0C7500BB1256 /* Release */ = {
			isa = XCBuildConfiguration;
			buildSettings = {
				ASSETCATALOG_COMPILER_APPICON_NAME = AppIcon;
				ASSETCATALOG_COMPILER_GLOBAL_ACCENT_COLOR_NAME = AccentColor;
				CODE_SIGN_STYLE = Automatic;
				CURRENT_PROJECT_VERSION = 1;
				DEVELOPMENT_ASSET_PATHS = "\"DontecoTest/Preview Content\"";
				DEVELOPMENT_TEAM = JMZJD938W9;
				ENABLE_PREVIEWS = YES;
				GENERATE_INFOPLIST_FILE = YES;
				INFOPLIST_KEY_UIApplicationSceneManifest_Generation = YES;
				INFOPLIST_KEY_UIApplicationSupportsIndirectInputEvents = YES;
				INFOPLIST_KEY_UILaunchScreen_Generation = YES;
				INFOPLIST_KEY_UISupportedInterfaceOrientations_iPad = "UIInterfaceOrientationPortrait UIInterfaceOrientationPortraitUpsideDown UIInterfaceOrientationLandscapeLeft UIInterfaceOrientationLandscapeRight";
				INFOPLIST_KEY_UISupportedInterfaceOrientations_iPhone = "UIInterfaceOrientationPortrait UIInterfaceOrientationLandscapeLeft UIInterfaceOrientationLandscapeRight";
				IPHONEOS_DEPLOYMENT_TARGET = 14.0;
				LD_RUNPATH_SEARCH_PATHS = (
					"$(inherited)",
					"@executable_path/Frameworks",
				);
				MARKETING_VERSION = 1.0;
				PRODUCT_BUNDLE_IDENTIFIER = me.lastovich.artem.DontecoTest;
				PRODUCT_NAME = "$(TARGET_NAME)";
				SWIFT_EMIT_LOC_STRINGS = YES;
				SWIFT_VERSION = 5.0;
				TARGETED_DEVICE_FAMILY = "1,2";
			};
			name = Release;
		};
/* End XCBuildConfiguration section */

/* Begin XCConfigurationList section */
		B0A8226A284A0C7200BB1256 /* Build configuration list for PBXProject "DontecoTest" */ = {
			isa = XCConfigurationList;
			buildConfigurations = (
				B0A8227B284A0C7500BB1256 /* Debug */,
				B0A8227C284A0C7500BB1256 /* Release */,
			);
			defaultConfigurationIsVisible = 0;
			defaultConfigurationName = Release;
		};
		B0A8227D284A0C7500BB1256 /* Build configuration list for PBXNativeTarget "DontecoTest" */ = {
			isa = XCConfigurationList;
			buildConfigurations = (
				B0A8227E284A0C7500BB1256 /* Debug */,
				B0A8227F284A0C7500BB1256 /* Release */,
			);
			defaultConfigurationIsVisible = 0;
			defaultConfigurationName = Release;
		};
/* End XCConfigurationList section */
	};
	rootObject = B0A82267284A0C7200BB1256 /* Project object */;
}
